github.com/golang-jwt/jwt v3.2.2+incompatible h1:IfV12K8xAKAnZqdXVzCZ+TOjboZ2keLg81eXfW3O+oY=
github.com/golang-jwt/jwt v3.2.2+incompatible/go.mod h1:8pz2t5EyA70fFQQSrl6XZXzqecmYZeUEB8OUGHkxJ+I=
github.com/gtkit/go-zhipu v1.0.2 h1:CRArLk0MkFBeEBQOxOZXzqzDNi5d5HnaucNU7Q5/dyM=
github.com/gtkit/go-zhipu v1.0.2/go.mod h1:48JINWFLJ0bYpruA0UCQBxY+6GZkBduQLUyJU/SaG0Y=
